
Microsoft Visual Studio Solution File, Format Version 12.00
# Visual Studio 2013
VisualStudioVersion = 12.0.21005.1
MinimumVisualStudioVersion = 10.0.40219.1
Project("{FAE04EC0-301F-11D3-BF4B-00C04F79EFBC}") = "Duv.WorkLog.Domain", "Duv.WorkLog.Domain\Duv.WorkLog.Domain.csproj", "{74FE2AA5-D2B8-4201-AA7E-8028AFF5DC7A}"
EndProject
Project("{FAE04EC0-301F-11D3-BF4B-00C04F79EFBC}") = "Duv.WorkLog.Tests", "Duv.WorkLog.Tests\Duv.WorkLog.Tests.csproj", "{C946BB3F-B420-467D-A905-53A8A60694BE}"
EndProject
Project("{FAE04EC0-301F-11D3-BF4B-00C04F79EFBC}") = "Duv.WorkLog.Core", "Duv.WorkLog.Core\Duv.WorkLog.Core.csproj", "{424A8869-8361-4413-926F-0D4D4E0EA87C}"
EndProject
Global
	GlobalSection(SolutionConfigurationPlatforms) = preSolution
		Debug|Any CPU = Debug|Any CPU
		Release|Any CPU = Release|Any CPU
	EndGlobalSection
	GlobalSection(ProjectConfigurationPlatforms) = postSolution
		{74FE2AA5-D2B8-4201-AA7E-8028AFF5DC7A}.Debug|Any CPU.ActiveCfg = Debug|Any CPU
		{74FE2AA5-D2B8-4201-AA7E-8028AFF5DC7A}.Debug|Any CPU.Build.0 = Debug|Any CPU
		{74FE2AA5-D2B8-4201-AA7E-8028AFF5DC7A}.Release|Any CPU.ActiveCfg = Release|Any CPU
		{74FE2AA5-D2B8-4201-AA7E-8028AFF5DC7A}.Release|Any CPU.Build.0 = Release|Any CPU
		{C946BB3F-B420-467D-A905-53A8A60694BE}.Debug|Any CPU.ActiveCfg = Debug|Any CPU
		{C946BB3F-B420-467D-A905-53A8A60694BE}.Debug|Any CPU.Build.0 = Debug|Any CPU
		{C946BB3F-B420-467D-A905-53A8A60694BE}.Release|Any CPU.ActiveCfg = Release|Any CPU
		{C946BB3F-B420-467D-A905-53A8A60694BE}.Release|Any CPU.Build.0 = Release|Any CPU
		{424A8869-8361-4413-926F-0D4D4E0EA87C}.Debug|Any CPU.ActiveCfg = Debug|Any CPU
		{424A8869-8361-4413-926F-0D4D4E0EA87C}.Debug|Any CPU.Build.0 = Debug|Any CPU
		{424A8869-8361-4413-926F-0D4D4E0EA87C}.Release|Any CPU.ActiveCfg = Release|Any CPU
		{424A8869-8361-4413-926F-0D4D4E0EA87C}.Release|Any CPU.Build.0 = Release|Any CPU
	EndGlobalSection
	GlobalSection(SolutionProperties) = preSolution
		HideSolutionNode = FALSE
	EndGlobalSection
EndGlobal
