
Microsoft Visual Studio Solution File, Format Version 12.00
# Visual Studio 2013
VisualStudioVersion = 12.0.21005.1
MinimumVisualStudioVersion = 10.0.40219.1
Project("{FAE04EC0-301F-11D3-BF4B-00C04F79EFBC}") = "SimpleMvvm", "SimpleMvvm\SimpleMvvm.csproj", "{CCEBD202-4977-4D15-B44D-C13E5FDEFDE7}"
EndProject
Project("{2150E333-8FDC-42A3-9474-1A3956D46DE8}") = "Solution Items", "Solution Items", "{FB9C4081-8A9C-4536-A670-248EC695DA60}"
	ProjectSection(SolutionItems) = preProject
		ReadMe.txt = ReadMe.txt
	EndProjectSection
EndProject
Project("{FAE04EC0-301F-11D3-BF4B-00C04F79EFBC}") = "SimpleWpf", "SimpleWpf\SimpleWpf.csproj", "{8B82D001-F188-4FC4-893E-9AAC2DE1C03D}"
EndProject
Project("{FAE04EC0-301F-11D3-BF4B-00C04F79EFBC}") = "SimpleForms", "SimpleForms\SimpleForms.csproj", "{AC600F15-70FC-4DDD-A731-4998CB9E0229}"
EndProject
Global
	GlobalSection(SolutionConfigurationPlatforms) = preSolution
		Debug|Any CPU = Debug|Any CPU
		Release|Any CPU = Release|Any CPU
	EndGlobalSection
	GlobalSection(ProjectConfigurationPlatforms) = postSolution
		{CCEBD202-4977-4D15-B44D-C13E5FDEFDE7}.Debug|Any CPU.ActiveCfg = Debug|Any CPU
		{CCEBD202-4977-4D15-B44D-C13E5FDEFDE7}.Debug|Any CPU.Build.0 = Debug|Any CPU
		{CCEBD202-4977-4D15-B44D-C13E5FDEFDE7}.Release|Any CPU.ActiveCfg = Release|Any CPU
		{CCEBD202-4977-4D15-B44D-C13E5FDEFDE7}.Release|Any CPU.Build.0 = Release|Any CPU
		{8B82D001-F188-4FC4-893E-9AAC2DE1C03D}.Debug|Any CPU.ActiveCfg = Debug|Any CPU
		{8B82D001-F188-4FC4-893E-9AAC2DE1C03D}.Debug|Any CPU.Build.0 = Debug|Any CPU
		{8B82D001-F188-4FC4-893E-9AAC2DE1C03D}.Release|Any CPU.ActiveCfg = Release|Any CPU
		{8B82D001-F188-4FC4-893E-9AAC2DE1C03D}.Release|Any CPU.Build.0 = Release|Any CPU
		{AC600F15-70FC-4DDD-A731-4998CB9E0229}.Debug|Any CPU.ActiveCfg = Debug|Any CPU
		{AC600F15-70FC-4DDD-A731-4998CB9E0229}.Debug|Any CPU.Build.0 = Debug|Any CPU
		{AC600F15-70FC-4DDD-A731-4998CB9E0229}.Release|Any CPU.ActiveCfg = Release|Any CPU
		{AC600F15-70FC-4DDD-A731-4998CB9E0229}.Release|Any CPU.Build.0 = Release|Any CPU
	EndGlobalSection
	GlobalSection(SolutionProperties) = preSolution
		HideSolutionNode = FALSE
	EndGlobalSection
EndGlobal
